
Microsoft Visual Studio Solution File, Format Version 12.00
# Visual Studio Version 16
VisualStudioVersion = 16.0.30413.136
MinimumVisualStudioVersion = 10.0.40219.1
Project("{888888A0-9F3D-457C-B088-3A5042F75D52}") = "DS_01", "DS_01\DS_01.pyproj", "{13F3E7FB-DA7C-490C-A0DA-9B69256FE22E}"
EndProject
Global
	GlobalSection(SolutionConfigurationPlatforms) = preSolution
		Debug|Any CPU = Debug|Any CPU
		Release|Any CPU = Release|Any CPU
	EndGlobalSection
	GlobalSection(ProjectConfigurationPlatforms) = postSolution
		{13F3E7FB-DA7C-490C-A0DA-9B69256FE22E}.Debug|Any CPU.ActiveCfg = Debug|Any CPU
		{13F3E7FB-DA7C-490C-A0DA-9B69256FE22E}.Release|Any CPU.ActiveCfg = Release|Any CPU
	EndGlobalSection
	GlobalSection(SolutionProperties) = preSolution
		HideSolutionNode = FALSE
	EndGlobalSection
	GlobalSection(ExtensibilityGlobals) = postSolution
		SolutionGuid = {0625F194-B6BD-4F4B-98B8-9268A061222E}
	EndGlobalSection
EndGlobal
